{
	"name": "@akrons/cms-default",
	"version": "1.0.0",
	"lockfileVersion": 1,
	"requires": true,
	"dependencies": {
		"@types/marked": {
			"version": "2.0.0",
			"resolved": "https://registry.npmjs.org/@types/marked/-/marked-2.0.0.tgz",
			"integrity": "sha512-kSOVa3R6HJvFdd3UIbTYvrSBTPHjXhNErh7/8oSCKOwqdOkk4Oj8N77n+f6dsgd1jW3j3SU5EhnmRxPhNKOmtQ=="
		},
		"clipboard": {
			"version": "2.0.8",
			"resolved": "https://registry.npmjs.org/clipboard/-/clipboard-2.0.8.tgz",
			"integrity": "sha512-Y6WO0unAIQp5bLmk1zdThRhgJt/x3ks6f30s3oE3H1mgIEU33XyQjEf8gsf6DxC7NPX8Y1SsNWjUjL/ywLnnbQ==",
			"optional": true,
			"requires": {
				"good-listener": "^1.2.2",
				"select": "^1.1.2",
				"tiny-emitter": "^2.0.0"
			}
		},
		"commander": {
			"version": "6.2.1",
			"resolved": "https://registry.npmjs.org/commander/-/commander-6.2.1.tgz",
			"integrity": "sha512-U7VdrJFnJgo4xjrHpTzu0yrHPGImdsmD95ZlgYSEajAn2JKzDhDTPG9kBTefmObL2w/ngeZnilk+OV9CG3d7UA=="
		},
		"delegate": {
			"version": "3.2.0",
			"resolved": "https://registry.npmjs.org/delegate/-/delegate-3.2.0.tgz",
			"integrity": "sha512-IofjkYBZaZivn0V8nnsMJGBr4jVLxHDheKSW88PyxS5QC4Vo9ZbZVvhzlSxY87fVq3STR6r+4cGepyHkcWOQSw==",
			"optional": true
		},
		"emoji-toolkit": {
			"version": "6.5.1",
			"resolved": "https://registry.npmjs.org/emoji-toolkit/-/emoji-toolkit-6.5.1.tgz",
			"integrity": "sha512-oY5E81cXvRUxXkbVgOI8NxYHKF5FeWfJhFCIYUKhbVfSmdCH8+bmJzgDdhufExa7t1+WEzpUFdHwYxJTXS90vQ=="
		},
		"good-listener": {
			"version": "1.2.2",
			"resolved": "https://registry.npmjs.org/good-listener/-/good-listener-1.2.2.tgz",
			"integrity": "sha1-1TswzfkxPf+33JoNR3CWqm0UXFA=",
			"optional": true,
			"requires": {
				"delegate": "^3.1.2"
			}
		},
		"katex": {
			"version": "0.13.0",
			"resolved": "https://registry.npmjs.org/katex/-/katex-0.13.0.tgz",
			"integrity": "sha512-6cHbzbegYgS9vvVGuH8UA+o97X+ZshtboSqJJCdq7trBYzuD75JNwr7Ef606xkUjecPPhFnyB+afx1dVafielg==",
			"requires": {
				"commander": "^6.0.0"
			}
		},
		"marked": {
			"version": "2.0.1",
			"resolved": "https://registry.npmjs.org/marked/-/marked-2.0.1.tgz",
			"integrity": "sha512-5+/fKgMv2hARmMW7DOpykr2iLhl0NgjyELk5yn92iE7z8Se1IS9n3UsFm86hFXIkvMBmVxki8+ckcpjBeyo/hw=="
		},
		"ngx-markdown": {
			"version": "11.1.2",
			"resolved": "https://registry.npmjs.org/ngx-markdown/-/ngx-markdown-11.1.2.tgz",
			"integrity": "sha512-T+FA8K2iN7VADx7hO4ytYhRnMJjyVNPHJizrtmVFpjhRcsOTCwCmM4e1qpx1XjxSEliN9Z3mux3a+IPM4jH6+Q==",
			"requires": {
				"@types/marked": "^2.0.0",
				"emoji-toolkit": "^6.0.1",
				"katex": "^0.13.0",
				"marked": "^2.0.0",
				"prismjs": "^1.23.0",
				"tslib": "^2.0.0"
			}
		},
		"prismjs": {
			"version": "1.23.0",
			"resolved": "https://registry.npmjs.org/prismjs/-/prismjs-1.23.0.tgz",
			"integrity": "sha512-c29LVsqOaLbBHuIbsTxaKENh1N2EQBOHaWv7gkHN4dgRbxSREqDnDbtFJYdpPauS4YCplMSNCABQ6Eeor69bAA==",
			"requires": {
				"clipboard": "^2.0.0"
			}
		},
		"select": {
			"version": "1.1.2",
			"resolved": "https://registry.npmjs.org/select/-/select-1.1.2.tgz",
			"integrity": "sha1-DnNQrN7ICxEIUoeG7B1EGNEbOW0=",
			"optional": true
		},
		"tiny-emitter": {
			"version": "2.1.0",
			"resolved": "https://registry.npmjs.org/tiny-emitter/-/tiny-emitter-2.1.0.tgz",
			"integrity": "sha512-NB6Dk1A9xgQPMoGqC5CVXn123gWyte215ONT5Pp5a0yt4nlEoO1ZWeCwpncaekPHXO60i47ihFnZPiRPjRMq4Q==",
			"optional": true
		},
		"tslib": {
			"version": "2.1.0",
			"resolved": "https://registry.npmjs.org/tslib/-/tslib-2.1.0.tgz",
			"integrity": "sha512-hcVC3wYEziELGGmEEXue7D75zbwIIVUMWAVbHItGPx0ziyXxrOMQx4rQEVEV45Ut/1IotuEvwqPopzIOkDMf0A=="
		}
	}
}
